{
    "_meta": {
        "hash": {
            "sha256": "8180c3ce5d0a00149fc50bbf42015d50afb38c109490ca511acdd27caabc27a8"
        },
        "pipfile-spec": 6,
        "requires": {
            "python_version": "3.7"
        },
        "sources": [
            {
                "name": "pypi",
                "url": "https://pypi.org/simple",
                "verify_ssl": true
            }
        ]
    },
    "default": {
        "rx": {
            "hashes": [
                "sha256:00c4ab3ecd1ab9a55f310d05e20ae7f93d3cdd1150de5c56347e67a1ecd73963",
                "sha256:c7d168618e3cec35fda9c9c8b5d7f966739df4b1a99b315eae1fc2d7d69e2512"
            ],
            "index": "pypi",
            "version": "==3.0.1"
        }
    },
    "develop": {}
}
