{
    "_meta": {
        "hash": {
            "sha256": "8180c3ce5d0a00149fc50bbf42015d50afb38c109490ca511acdd27caabc27a8"
        },
        "pipfile-spec": 6,
        "requires": {
            "python_version": "3.7"
        },
        "sources": [
            {
                "name": "pypi",
                "url": "https://pypi.org/simple",
                "verify_ssl": true
            }
        ]
    },
    "default": {
        "rx": {
            "hashes": [
                "sha256:922c5f4edb3aa1beaa47bf61d65d5380011ff6adcd527f26377d05cb73ed8ec8",
                "sha256:b657ca2b45aa485da2f7dcfd09fac2e554f7ac51ff3c2f8f2ff962ecd963d91c"
            ],
            "index": "pypi",
            "version": "==3.2.0"
        }
    },
    "develop": {}
}
